# THIS IS AN AUTOGENERATED FILE. DO NOT EDIT THIS FILE DIRECTLY.
# yarn lockfile v1


geojson-vt@^3.2.1:
  version "3.2.1"
  resolved "https://registry.yarnpkg.com/geojson-vt/-/geojson-vt-3.2.1.tgz#f8adb614d2c1d3f6ee7c4265cad4bbf3ad60c8b7"
  integrity sha512-EvGQQi/zPrDA6zr6BnJD/YhwAkBP8nnJ9emh3EnHQKVMfg/MRVtPbMYdgVy/IaEmn4UfagD2a6fafPDL5hbtwg==

ieee754@^1.1.6:
  version "1.2.1"
  resolved "https://registry.yarnpkg.com/ieee754/-/ieee754-1.2.1.tgz#8eb7a10a63fff25d15a57b001586d177d1b0d352"
  integrity sha512-dcyqhDvX1C46lXZcVqCpK+FtMRQVdIMN6/Df5js2zouUsqG7I6sFxitIC+7KYK29KdXOLHdu9zL4sFnoVQnqaA==

pbf@^1.3.2:
  version "1.3.7"
  resolved "https://registry.yarnpkg.com/pbf/-/pbf-1.3.7.tgz#1e3d047ba3cbe8086ae854a25503ab4537d4335d"
  integrity sha1-Hj0Ee6PL6Ahq6FSiVQOrRTfUM10=
  dependencies:
    ieee754 "^1.1.6"
    resolve-protobuf-schema "^2.0.0"

point-geometry@0.0.0:
  version "0.0.0"
  resolved "https://registry.yarnpkg.com/point-geometry/-/point-geometry-0.0.0.tgz#6fcbcad7a803b6418247dd6e49c2853c584daff7"
  integrity sha1-b8vK16gDtkGCR91uScKFPFhNr/c=

protocol-buffers-schema@^3.3.1:
  version "3.4.0"
  resolved "https://registry.yarnpkg.com/protocol-buffers-schema/-/protocol-buffers-schema-3.4.0.tgz#2f0ea31ca96627d680bf2fefae7ebfa2b6453eae"
  integrity sha512-G/2kcamPF2S49W5yaMGdIpkG6+5wZF0fzBteLKgEHjbNzqjZQ85aAs1iJGto31EJaSTkNvHs5IXuHSaTLWBAiA==

resolve-protobuf-schema@^2.0.0:
  version "2.1.0"
  resolved "https://registry.yarnpkg.com/resolve-protobuf-schema/-/resolve-protobuf-schema-2.1.0.tgz#9ca9a9e69cf192bbdaf1006ec1973948aa4a3758"
  integrity sha512-kI5ffTiZWmJaS/huM8wZfEMer1eRd7oJQhDuxeCLe3t7N7mX3z94CN0xPxBQxFYQTSNz9T0i+v6inKqSdK8xrQ==
  dependencies:
    protocol-buffers-schema "^3.3.1"

vector-tile@^1.1.3:
  version "1.3.0"
  resolved "https://registry.yarnpkg.com/vector-tile/-/vector-tile-1.3.0.tgz#06d516a83b063f04c82ef539cf1bb1aebeb696b4"
  integrity sha1-BtUWqDsGPwTILvU5zxuxrr62lrQ=
  dependencies:
    point-geometry "0.0.0"

vt-pbf@^2.1.2:
  version "2.1.4"
  resolved "https://registry.yarnpkg.com/vt-pbf/-/vt-pbf-2.1.4.tgz#b5df7c3f9706156e0b9881a99dcb05635740b522"
  integrity sha1-td98P5cGFW4LmIGpncsFY1dAtSI=
  dependencies:
    pbf "^1.3.2"
    point-geometry "0.0.0"
    vector-tile "^1.1.3"
